// !$*UTF8*$!
{
	archiveVersion = 1;
	classes = {
	};
	objectVersion = 54;
	objects = {

/* Begin PBXBuildFile section */
		4FBA8DAF28D3870C00730699 /* AppDelegate.swift in Sources */ = {isa = PBXBuildFile; fileRef = 4FBA8DAE28D3870C00730699 /* AppDelegate.swift */; };
		4FBA8DB128D3870C00730699 /* SceneDelegate.swift in Sources */ = {isa = PBXBuildFile; fileRef = 4FBA8DB028D3870C00730699 /* SceneDelegate.swift */; };
		4FBA8DB328D3870C00730699 /* MoviesViewController.swift in Sources */ = {isa = PBXBuildFile; fileRef = 4FBA8DB228D3870C00730699 /* MoviesViewController.swift */; };
		4FBA8DB628D3870C00730699 /* Main.storyboard in Resources */ = {isa = PBXBuildFile; fileRef = 4FBA8DB428D3870C00730699 /* Main.storyboard */; };
		4FBA8DB828D3870D00730699 /* Assets.xcassets in Resources */ = {isa = PBXBuildFile; fileRef = 4FBA8DB728D3870D00730699 /* Assets.xcassets */; };
		4FBA8DBB28D3870D00730699 /* LaunchScreen.storyboard in Resources */ = {isa = PBXBuildFile; fileRef = 4FBA8DB928D3870D00730699 /* LaunchScreen.storyboard */; };
		4FBA8DC628D3870D00730699 /* flixTests.swift in Sources */ = {isa = PBXBuildFile; fileRef = 4FBA8DC528D3870D00730699 /* flixTests.swift */; };
		4FBA8DD028D3870D00730699 /* flixUITests.swift in Sources */ = {isa = PBXBuildFile; fileRef = 4FBA8DCF28D3870D00730699 /* flixUITests.swift */; };
		4FBA8DD228D3870D00730699 /* flixUITestsLaunchTests.swift in Sources */ = {isa = PBXBuildFile; fileRef = 4FBA8DD128D3870D00730699 /* flixUITestsLaunchTests.swift */; };
		4FBA8DDF28D38D1500730699 /* MovieCell.swift in Sources */ = {isa = PBXBuildFile; fileRef = 4FBA8DDE28D38D1500730699 /* MovieCell.swift */; };
		4FBA8E1E28D4464200730699 /* AlamofireImage in Frameworks */ = {isa = PBXBuildFile; productRef = 4FBA8E1D28D4464200730699 /* AlamofireImage */; };
		51D7A272CCCEA5F82F6206F2 /* Pods_flixTests.framework in Frameworks */ = {isa = PBXBuildFile; fileRef = 7D30BD007846C31C1B7B2995 /* Pods_flixTests.framework */; };
		6049382BFE872E4356039E16 /* Pods_flix_flixUITests.framework in Frameworks */ = {isa = PBXBuildFile; fileRef = 711E92780E6555715802F994 /* Pods_flix_flixUITests.framework */; };
		8209FF79446D6CCDDE6E7F20 /* Pods_flix.framework in Frameworks */ = {isa = PBXBuildFile; fileRef = 15B052E0425894F95FF231F7 /* Pods_flix.framework */; };
/* End PBXBuildFile section */

/* Begin PBXContainerItemProxy section */
		4FBA8DC228D3870D00730699 /* PBXContainerItemProxy */ = {
			isa = PBXContainerItemProxy;
			containerPortal = 4FBA8DA328D3870C00730699 /* Project object */;
			proxyType = 1;
			remoteGlobalIDString = 4FBA8DAA28D3870C00730699;
			remoteInfo = flix;
		};
		4FBA8DCC28D3870D00730699 /* PBXContainerItemProxy */ = {
			isa = PBXContainerItemProxy;
			containerPortal = 4FBA8DA328D3870C00730699 /* Project object */;
			proxyType = 1;
			remoteGlobalIDString = 4FBA8DAA28D3870C00730699;
			remoteInfo = flix;
		};
/* End PBXContainerItemProxy section */

/* Begin PBXFileReference section */
		0702100B05FB0151E93675E7 /* Pods-flix-flixUITests.release.xcconfig */ = {isa = PBXFileReference; includeInIndex = 1; lastKnownFileType = text.xcconfig; name = "Pods-flix-flixUITests.release.xcconfig"; path = "Target Support Files/Pods-flix-flixUITests/Pods-flix-flixUITests.release.xcconfig"; sourceTree = "<group>"; };
		0A29FD2B6F8AFBD7222D0009 /* Pods-flix.debug.xcconfig */ = {isa = PBXFileReference; includeInIndex = 1; lastKnownFileType = text.xcconfig; name = "Pods-flix.debug.xcconfig"; path = "Target Support Files/Pods-flix/Pods-flix.debug.xcconfig"; sourceTree = "<group>"; };
		15B052E0425894F95FF231F7 /* Pods_flix.framework */ = {isa = PBXFileReference; explicitFileType = wrapper.framework; includeInIndex = 0; path = Pods_flix.framework; sourceTree = BUILT_PRODUCTS_DIR; };
		4FBA8DAB28D3870C00730699 /* flix.app */ = {isa = PBXFileReference; explicitFileType = wrapper.application; includeInIndex = 0; path = flix.app; sourceTree = BUILT_PRODUCTS_DIR; };
		4FBA8DAE28D3870C00730699 /* AppDelegate.swift */ = {isa = PBXFileReference; lastKnownFileType = sourcecode.swift; path = AppDelegate.swift; sourceTree = "<group>"; };
		4FBA8DB028D3870C00730699 /* SceneDelegate.swift */ = {isa = PBXFileReference; lastKnownFileType = sourcecode.swift; path = SceneDelegate.swift; sourceTree = "<group>"; };
		4FBA8DB228D3870C00730699 /* MoviesViewController.swift */ = {isa = PBXFileReference; lastKnownFileType = sourcecode.swift; path = MoviesViewController.swift; sourceTree = "<group>"; };
		4FBA8DB528D3870C00730699 /* Base */ = {isa = PBXFileReference; lastKnownFileType = file.storyboard; name = Base; path = Base.lproj/Main.storyboard; sourceTree = "<group>"; };
		4FBA8DB728D3870D00730699 /* Assets.xcassets */ = {isa = PBXFileReference; lastKnownFileType = folder.assetcatalog; path = Assets.xcassets; sourceTree = "<group>"; };
		4FBA8DBA28D3870D00730699 /* Base */ = {isa = PBXFileReference; lastKnownFileType = file.storyboard; name = Base; path = Base.lproj/LaunchScreen.storyboard; sourceTree = "<group>"; };
		4FBA8DBC28D3870D00730699 /* Info.plist */ = {isa = PBXFileReference; lastKnownFileType = text.plist.xml; path = Info.plist; sourceTree = "<group>"; };
		4FBA8DC128D3870D00730699 /* flixTests.xctest */ = {isa = PBXFileReference; explicitFileType = wrapper.cfbundle; includeInIndex = 0; path = flixTests.xctest; sourceTree = BUILT_PRODUCTS_DIR; };
		4FBA8DC528D3870D00730699 /* flixTests.swift */ = {isa = PBXFileReference; lastKnownFileType = sourcecode.swift; path = flixTests.swift; sourceTree = "<group>"; };
		4FBA8DCB28D3870D00730699 /* flixUITests.xctest */ = {isa = PBXFileReference; explicitFileType = wrapper.cfbundle; includeInIndex = 0; path = flixUITests.xctest; sourceTree = BUILT_PRODUCTS_DIR; };
		4FBA8DCF28D3870D00730699 /* flixUITests.swift */ = {isa = PBXFileReference; lastKnownFileType = sourcecode.swift; path = flixUITests.swift; sourceTree = "<group>"; };
		4FBA8DD128D3870D00730699 /* flixUITestsLaunchTests.swift */ = {isa = PBXFileReference; lastKnownFileType = sourcecode.swift; path = flixUITestsLaunchTests.swift; sourceTree = "<group>"; };
		4FBA8DDE28D38D1500730699 /* MovieCell.swift */ = {isa = PBXFileReference; lastKnownFileType = sourcecode.swift; path = MovieCell.swift; sourceTree = "<group>"; };
		6997BA9A30301A7C79C20851 /* Pods-flixTests.debug.xcconfig */ = {isa = PBXFileReference; includeInIndex = 1; lastKnownFileType = text.xcconfig; name = "Pods-flixTests.debug.xcconfig"; path = "Target Support Files/Pods-flixTests/Pods-flixTests.debug.xcconfig"; sourceTree = "<group>"; };
		711E92780E6555715802F994 /* Pods_flix_flixUITests.framework */ = {isa = PBXFileReference; explicitFileType = wrapper.framework; includeInIndex = 0; path = Pods_flix_flixUITests.framework; sourceTree = BUILT_PRODUCTS_DIR; };
		7A56B1C7607E63BED7F6F5FC /* Pods-flix.release.xcconfig */ = {isa = PBXFileReference; includeInIndex = 1; lastKnownFileType = text.xcconfig; name = "Pods-flix.release.xcconfig"; path = "Target Support Files/Pods-flix/Pods-flix.release.xcconfig"; sourceTree = "<group>"; };
		7D30BD007846C31C1B7B2995 /* Pods_flixTests.framework */ = {isa = PBXFileReference; explicitFileType = wrapper.framework; includeInIndex = 0; path = Pods_flixTests.framework; sourceTree = BUILT_PRODUCTS_DIR; };
		83AD75B920A2C1254730BEBE /* Pods-flix-flixUITests.debug.xcconfig */ = {isa = PBXFileReference; includeInIndex = 1; lastKnownFileType = text.xcconfig; name = "Pods-flix-flixUITests.debug.xcconfig"; path = "Target Support Files/Pods-flix-flixUITests/Pods-flix-flixUITests.debug.xcconfig"; sourceTree = "<group>"; };
		B4173BD2BB63C92425144ECC /* Pods-flixTests.release.xcconfig */ = {isa = PBXFileReference; includeInIndex = 1; lastKnownFileType = text.xcconfig; name = "Pods-flixTests.release.xcconfig"; path = "Target Support Files/Pods-flixTests/Pods-flixTests.release.xcconfig"; sourceTree = "<group>"; };
/* End PBXFileReference section */

/* Begin PBXFrameworksBuildPhase section */
		4FBA8DA828D3870C00730699 /* Frameworks */ = {
			isa = PBXFrameworksBuildPhase;
			buildActionMask = 2147483647;
			files = (
				4FBA8E1E28D4464200730699 /* AlamofireImage in Frameworks */,
				8209FF79446D6CCDDE6E7F20 /* Pods_flix.framework in Frameworks */,
			);
			runOnlyForDeploymentPostprocessing = 0;
		};
		4FBA8DBE28D3870D00730699 /* Frameworks */ = {
			isa = PBXFrameworksBuildPhase;
			buildActionMask = 2147483647;
			files = (
				51D7A272CCCEA5F82F6206F2 /* Pods_flixTests.framework in Frameworks */,
			);
			runOnlyForDeploymentPostprocessing = 0;
		};
		4FBA8DC828D3870D00730699 /* Frameworks */ = {
			isa = PBXFrameworksBuildPhase;
			buildActionMask = 2147483647;
			files = (
				6049382BFE872E4356039E16 /* Pods_flix_flixUITests.framework in Frameworks */,
			);
			runOnlyForDeploymentPostprocessing = 0;
		};
/* End PBXFrameworksBuildPhase section */

/* Begin PBXGroup section */
		38F5BA434BE452A9CDA960C7 /* Pods */ = {
			isa = PBXGroup;
			children = (
				0A29FD2B6F8AFBD7222D0009 /* Pods-flix.debug.xcconfig */,
				7A56B1C7607E63BED7F6F5FC /* Pods-flix.release.xcconfig */,
				83AD75B920A2C1254730BEBE /* Pods-flix-flixUITests.debug.xcconfig */,
				0702100B05FB0151E93675E7 /* Pods-flix-flixUITests.release.xcconfig */,
				6997BA9A30301A7C79C20851 /* Pods-flixTests.debug.xcconfig */,
				B4173BD2BB63C92425144ECC /* Pods-flixTests.release.xcconfig */,
			);
			name = Pods;
			path = Pods;
			sourceTree = "<group>";
		};
		4FBA8DA228D3870C00730699 = {
			isa = PBXGroup;
			children = (
				4FBA8DAD28D3870C00730699 /* flix */,
				4FBA8DC428D3870D00730699 /* flixTests */,
				4FBA8DCE28D3870D00730699 /* flixUITests */,
				4FBA8DAC28D3870C00730699 /* Products */,
				38F5BA434BE452A9CDA960C7 /* Pods */,
				8A622124E28A60F63154DBAF /* Frameworks */,
			);
			sourceTree = "<group>";
		};
		4FBA8DAC28D3870C00730699 /* Products */ = {
			isa = PBXGroup;
			children = (
				4FBA8DAB28D3870C00730699 /* flix.app */,
				4FBA8DC128D3870D00730699 /* flixTests.xctest */,
				4FBA8DCB28D3870D00730699 /* flixUITests.xctest */,
			);
			name = Products;
			sourceTree = "<group>";
		};
		4FBA8DAD28D3870C00730699 /* flix */ = {
			isa = PBXGroup;
			children = (
				4FBA8DAE28D3870C00730699 /* AppDelegate.swift */,
				4FBA8DB028D3870C00730699 /* SceneDelegate.swift */,
				4FBA8DB228D3870C00730699 /* MoviesViewController.swift */,
				4FBA8DB428D3870C00730699 /* Main.storyboard */,
				4FBA8DB728D3870D00730699 /* Assets.xcassets */,
				4FBA8DB928D3870D00730699 /* LaunchScreen.storyboard */,
				4FBA8DBC28D3870D00730699 /* Info.plist */,
				4FBA8DDE28D38D1500730699 /* MovieCell.swift */,
			);
			path = flix;
			sourceTree = "<group>";
		};
		4FBA8DC428D3870D00730699 /* flixTests */ = {
			isa = PBXGroup;
			children = (
				4FBA8DC528D3870D00730699 /* flixTests.swift */,
			);
			path = flixTests;
			sourceTree = "<group>";
		};
		4FBA8DCE28D3870D00730699 /* flixUITests */ = {
			isa = PBXGroup;
			children = (
				4FBA8DCF28D3870D00730699 /* flixUITests.swift */,
				4FBA8DD128D3870D00730699 /* flixUITestsLaunchTests.swift */,
			);
			path = flixUITests;
			sourceTree = "<group>";
		};
		8A622124E28A60F63154DBAF /* Frameworks */ = {
			isa = PBXGroup;
			children = (
				15B052E0425894F95FF231F7 /* Pods_flix.framework */,
				711E92780E6555715802F994 /* Pods_flix_flixUITests.framework */,
				7D30BD007846C31C1B7B2995 /* Pods_flixTests.framework */,
			);
			name = Frameworks;
			sourceTree = "<group>";
		};
/* End PBXGroup section */

/* Begin PBXNativeTarget section */
		4FBA8DAA28D3870C00730699 /* flix */ = {
			isa = PBXNativeTarget;
			buildConfigurationList = 4FBA8DD528D3870D00730699 /* Build configuration list for PBXNativeTarget "flix" */;
			buildPhases = (
				4D5ABAC664215032D8952370 /* [CP] Check Pods Manifest.lock */,
				4FBA8DA728D3870C00730699 /* Sources */,
				4FBA8DA828D3870C00730699 /* Frameworks */,
				4FBA8DA928D3870C00730699 /* Resources */,
				050689956885C1568221AC81 /* [CP] Embed Pods Frameworks */,
			);
			buildRules = (
			);
			dependencies = (
			);
			name = flix;
			packageProductDependencies = (
				4FBA8E1D28D4464200730699 /* AlamofireImage */,
			);
			productName = flix;
			productReference = 4FBA8DAB28D3870C00730699 /* flix.app */;
			productType = "com.apple.product-type.application";
		};
		4FBA8DC028D3870D00730699 /* flixTests */ = {
			isa = PBXNativeTarget;
			buildConfigurationList = 4FBA8DD828D3870D00730699 /* Build configuration list for PBXNativeTarget "flixTests" */;
			buildPhases = (
				594827A6F6E72AA9968E2140 /* [CP] Check Pods Manifest.lock */,
				4FBA8DBD28D3870D00730699 /* Sources */,
				4FBA8DBE28D3870D00730699 /* Frameworks */,
				4FBA8DBF28D3870D00730699 /* Resources */,
			);
			buildRules = (
			);
			dependencies = (
				4FBA8DC328D3870D00730699 /* PBXTargetDependency */,
			);
			name = flixTests;
			productName = flixTests;
			productReference = 4FBA8DC128D3870D00730699 /* flixTests.xctest */;
			productType = "com.apple.product-type.bundle.unit-test";
		};
		4FBA8DCA28D3870D00730699 /* flixUITests */ = {
			isa = PBXNativeTarget;
			buildConfigurationList = 4FBA8DDB28D3870D00730699 /* Build configuration list for PBXNativeTarget "flixUITests" */;
			buildPhases = (
				81099842F20C42AD64E6B564 /* [CP] Check Pods Manifest.lock */,
				4FBA8DC728D3870D00730699 /* Sources */,
				4FBA8DC828D3870D00730699 /* Frameworks */,
				4FBA8DC928D3870D00730699 /* Resources */,
				0813AE175B996FF2EABEDB45 /* [CP] Embed Pods Frameworks */,
			);
			buildRules = (
			);
			dependencies = (
				4FBA8DCD28D3870D00730699 /* PBXTargetDependency */,
			);
			name = flixUITests;
			productName = flixUITests;
			productReference = 4FBA8DCB28D3870D00730699 /* flixUITests.xctest */;
			productType = "com.apple.product-type.bundle.ui-testing";
		};
/* End PBXNativeTarget section */

/* Begin PBXProject section */
		4FBA8DA328D3870C00730699 /* Project object */ = {
			isa = PBXProject;
			attributes = {
				BuildIndependentTargetsInParallel = 1;
				LastSwiftUpdateCheck = 1400;
				LastUpgradeCheck = 1400;
				TargetAttributes = {
					4FBA8DAA28D3870C00730699 = {
						CreatedOnToolsVersion = 14.0;
					};
					4FBA8DC028D3870D00730699 = {
						CreatedOnToolsVersion = 14.0;
						TestTargetID = 4FBA8DAA28D3870C00730699;
					};
					4FBA8DCA28D3870D00730699 = {
						CreatedOnToolsVersion = 14.0;
						TestTargetID = 4FBA8DAA28D3870C00730699;
					};
				};
			};
			buildConfigurationList = 4FBA8DA628D3870C00730699 /* Build configuration list for PBXProject "flix" */;
			compatibilityVersion = "Xcode 12.0";
			developmentRegion = en;
			hasScannedForEncodings = 0;
			knownRegions = (
				en,
				Base,
			);
			mainGroup = 4FBA8DA228D3870C00730699;
			packageReferences = (
				4FBA8E1C28D4464200730699 /* XCRemoteSwiftPackageReference "AlamofireImage" */,
			);
			productRefGroup = 4FBA8DAC28D3870C00730699 /* Products */;
			projectDirPath = "";
			projectRoot = "";
			targets = (
				4FBA8DAA28D3870C00730699 /* flix */,
				4FBA8DC028D3870D00730699 /* flixTests */,
				4FBA8DCA28D3870D00730699 /* flixUITests */,
			);
		};
/* End PBXProject section */

/* Begin PBXResourcesBuildPhase section */
		4FBA8DA928D3870C00730699 /* Resources */ = {
			isa = PBXResourcesBuildPhase;
			buildActionMask = 2147483647;
			files = (
				4FBA8DBB28D3870D00730699 /* LaunchScreen.storyboard in Resources */,
				4FBA8DB828D3870D00730699 /* Assets.xcassets in Resources */,
				4FBA8DB628D3870C00730699 /* Main.storyboard in Resources */,
			);
			runOnlyForDeploymentPostprocessing = 0;
		};
		4FBA8DBF28D3870D00730699 /* Resources */ = {
			isa = PBXResourcesBuildPhase;
			buildActionMask = 2147483647;
			files = (
			);
			runOnlyForDeploymentPostprocessing = 0;
		};
		4FBA8DC928D3870D00730699 /* Resources */ = {
			isa = PBXResourcesBuildPhase;
			buildActionMask = 2147483647;
			files = (
			);
			runOnlyForDeploymentPostprocessing = 0;
		};
/* End PBXResourcesBuildPhase section */

/* Begin PBXShellScriptBuildPhase section */
		050689956885C1568221AC81 /* [CP] Embed Pods Frameworks */ = {
			isa = PBXShellScriptBuildPhase;
			buildActionMask = 2147483647;
			files = (
			);
			inputFileListPaths = (
				"${PODS_ROOT}/Target Support Files/Pods-flix/Pods-flix-frameworks-${CONFIGURATION}-input-files.xcfilelist",
			);
			name = "[CP] Embed Pods Frameworks";
			outputFileListPaths = (
				"${PODS_ROOT}/Target Support Files/Pods-flix/Pods-flix-frameworks-${CONFIGURATION}-output-files.xcfilelist",
			);
			runOnlyForDeploymentPostprocessing = 0;
			shellPath = /bin/sh;
			shellScript = "\"${PODS_ROOT}/Target Support Files/Pods-flix/Pods-flix-frameworks.sh\"\n";
			showEnvVarsInLog = 0;
		};
		0813AE175B996FF2EABEDB45 /* [CP] Embed Pods Frameworks */ = {
			isa = PBXShellScriptBuildPhase;
			buildActionMask = 2147483647;
			files = (
			);
			inputFileListPaths = (
				"${PODS_ROOT}/Target Support Files/Pods-flix-flixUITests/Pods-flix-flixUITests-frameworks-${CONFIGURATION}-input-files.xcfilelist",
			);
			name = "[CP] Embed Pods Frameworks";
			outputFileListPaths = (
				"${PODS_ROOT}/Target Support Files/Pods-flix-flixUITests/Pods-flix-flixUITests-frameworks-${CONFIGURATION}-output-files.xcfilelist",
			);
			runOnlyForDeploymentPostprocessing = 0;
			shellPath = /bin/sh;
			shellScript = "\"${PODS_ROOT}/Target Support Files/Pods-flix-flixUITests/Pods-flix-flixUITests-frameworks.sh\"\n";
			showEnvVarsInLog = 0;
		};
		4D5ABAC664215032D8952370 /* [CP] Check Pods Manifest.lock */ = {
			isa = PBXShellScriptBuildPhase;
			buildActionMask = 2147483647;
			files = (
			);
			inputFileListPaths = (
			);
			inputPaths = (
				"${PODS_PODFILE_DIR_PATH}/Podfile.lock",
				"${PODS_ROOT}/Manifest.lock",
			);
			name = "[CP] Check Pods Manifest.lock";
			outputFileListPaths = (
			);
			outputPaths = (
				"$(DERIVED_FILE_DIR)/Pods-flix-checkManifestLockResult.txt",
			);
			runOnlyForDeploymentPostprocessing = 0;
			shellPath = /bin/sh;
			shellScript = "diff \"${PODS_PODFILE_DIR_PATH}/Podfile.lock\" \"${PODS_ROOT}/Manifest.lock\" > /dev/null\nif [ $? != 0 ] ; then\n    # print error to STDERR\n    echo \"error: The sandbox is not in sync with the Podfile.lock. Run 'pod install' or update your CocoaPods installation.\" >&2\n    exit 1\nfi\n# This output is used by Xcode 'outputs' to avoid re-running this script phase.\necho \"SUCCESS\" > \"${SCRIPT_OUTPUT_FILE_0}\"\n";
			showEnvVarsInLog = 0;
		};
		594827A6F6E72AA9968E2140 /* [CP] Check Pods Manifest.lock */ = {
			isa = PBXShellScriptBuildPhase;
			buildActionMask = 2147483647;
			files = (
			);
			inputFileListPaths = (
			);
			inputPaths = (
				"${PODS_PODFILE_DIR_PATH}/Podfile.lock",
				"${PODS_ROOT}/Manifest.lock",
			);
			name = "[CP] Check Pods Manifest.lock";
			outputFileListPaths = (
			);
			outputPaths = (
				"$(DERIVED_FILE_DIR)/Pods-flixTests-checkManifestLockResult.txt",
			);
			runOnlyForDeploymentPostprocessing = 0;
			shellPath = /bin/sh;
			shellScript = "diff \"${PODS_PODFILE_DIR_PATH}/Podfile.lock\" \"${PODS_ROOT}/Manifest.lock\" > /dev/null\nif [ $? != 0 ] ; then\n    # print error to STDERR\n    echo \"error: The sandbox is not in sync with the Podfile.lock. Run 'pod install' or update your CocoaPods installation.\" >&2\n    exit 1\nfi\n# This output is used by Xcode 'outputs' to avoid re-running this script phase.\necho \"SUCCESS\" > \"${SCRIPT_OUTPUT_FILE_0}\"\n";
			showEnvVarsInLog = 0;
		};
		81099842F20C42AD64E6B564 /* [CP] Check Pods Manifest.lock */ = {
			isa = PBXShellScriptBuildPhase;
			buildActionMask = 2147483647;
			files = (
			);
			inputFileListPaths = (
			);
			inputPaths = (
				"${PODS_PODFILE_DIR_PATH}/Podfile.lock",
				"${PODS_ROOT}/Manifest.lock",
			);
			name = "[CP] Check Pods Manifest.lock";
			outputFileListPaths = (
			);
			outputPaths = (
				"$(DERIVED_FILE_DIR)/Pods-flix-flixUITests-checkManifestLockResult.txt",
			);
			runOnlyForDeploymentPostprocessing = 0;
			shellPath = /bin/sh;
			shellScript = "diff \"${PODS_PODFILE_DIR_PATH}/Podfile.lock\" \"${PODS_ROOT}/Manifest.lock\" > /dev/null\nif [ $? != 0 ] ; then\n    # print error to STDERR\n    echo \"error: The sandbox is not in sync with the Podfile.lock. Run 'pod install' or update your CocoaPods installation.\" >&2\n    exit 1\nfi\n# This output is used by Xcode 'outputs' to avoid re-running this script phase.\necho \"SUCCESS\" > \"${SCRIPT_OUTPUT_FILE_0}\"\n";
			showEnvVarsInLog = 0;
		};
/* End PBXShellScriptBuildPhase section */

/* Begin PBXSourcesBuildPhase section */
		4FBA8DA728D3870C00730699 /* Sources */ = {
			isa = PBXSourcesBuildPhase;
			buildActionMask = 2147483647;
			files = (
				4FBA8DB328D3870C00730699 /* MoviesViewController.swift in Sources */,
				4FBA8DAF28D3870C00730699 /* AppDelegate.swift in Sources */,
				4FBA8DDF28D38D1500730699 /* MovieCell.swift in Sources */,
				4FBA8DB128D3870C00730699 /* SceneDelegate.swift in Sources */,
			);
			runOnlyForDeploymentPostprocessing = 0;
		};
		4FBA8DBD28D3870D00730699 /* Sources */ = {
			isa = PBXSourcesBuildPhase;
			buildActionMask = 2147483647;
			files = (
				4FBA8DC628D3870D00730699 /* flixTests.swift in Sources */,
			);
			runOnlyForDeploymentPostprocessing = 0;
		};
		4FBA8DC728D3870D00730699 /* Sources */ = {
			isa = PBXSourcesBuildPhase;
			buildActionMask = 2147483647;
			files = (
				4FBA8DD028D3870D00730699 /* flixUITests.swift in Sources */,
				4FBA8DD228D3870D00730699 /* flixUITestsLaunchTests.swift in Sources */,
			);
			runOnlyForDeploymentPostprocessing = 0;
		};
/* End PBXSourcesBuildPhase section */

/* Begin PBXTargetDependency section */
		4FBA8DC328D3870D00730699 /* PBXTargetDependency */ = {
			isa = PBXTargetDependency;
			target = 4FBA8DAA28D3870C00730699 /* flix */;
			targetProxy = 4FBA8DC228D3870D00730699 /* PBXContainerItemProxy */;
		};
		4FBA8DCD28D3870D00730699 /* PBXTargetDependency */ = {
			isa = PBXTargetDependency;
			target = 4FBA8DAA28D3870C00730699 /* flix */;
			targetProxy = 4FBA8DCC28D3870D00730699 /* PBXContainerItemProxy */;
		};
/* End PBXTargetDependency section */

/* Begin PBXVariantGroup section */
		4FBA8DB428D3870C00730699 /* Main.storyboard */ = {
			isa = PBXVariantGroup;
			children = (
				4FBA8DB528D3870C00730699 /* Base */,
			);
			name = Main.storyboard;
			sourceTree = "<group>";
		};
		4FBA8DB928D3870D00730699 /* LaunchScreen.storyboard */ = {
			isa = PBXVariantGroup;
			children = (
				4FBA8DBA28D3870D00730699 /* Base */,
			);
			name = LaunchScreen.storyboard;
			sourceTree = "<group>";
		};
/* End PBXVariantGroup section */

/* Begin XCBuildConfiguration section */
		4FBA8DD328D3870D00730699 /* Debug */ = {
			isa = XCBuildConfiguration;
			buildSettings = {
				ALWAYS_SEARCH_USER_PATHS = NO;
				CLANG_ANALYZER_NONNULL = YES;
				CLANG_ANALYZER_NUMBER_OBJECT_CONVERSION = YES_AGGRESSIVE;
				CLANG_CXX_LANGUAGE_STANDARD = "gnu++20";
				CLANG_ENABLE_MODULES = YES;
				CLANG_ENABLE_OBJC_ARC = YES;
				CLANG_ENABLE_OBJC_WEAK = YES;
				CLANG_WARN_BLOCK_CAPTURE_AUTORELEASING = YES;
				CLANG_WARN_BOOL_CONVERSION = YES;
				CLANG_WARN_COMMA = YES;
				CLANG_WARN_CONSTANT_CONVERSION = YES;
				CLANG_WARN_DEPRECATED_OBJC_IMPLEMENTATIONS = YES;
				CLANG_WARN_DIRECT_OBJC_ISA_USAGE = YES_ERROR;
				CLANG_WARN_DOCUMENTATION_COMMENTS = YES;
				CLANG_WARN_EMPTY_BODY = YES;
				CLANG_WARN_ENUM_CONVERSION = YES;
				CLANG_WARN_INFINITE_RECURSION = YES;
				CLANG_WARN_INT_CONVERSION = YES;
				CLANG_WARN_NON_LITERAL_NULL_CONVERSION = YES;
				CLANG_WARN_OBJC_IMPLICIT_RETAIN_SELF = YES;
				CLANG_WARN_OBJC_LITERAL_CONVERSION = YES;
				CLANG_WARN_OBJC_ROOT_CLASS = YES_ERROR;
				CLANG_WARN_QUOTED_INCLUDE_IN_FRAMEWORK_HEADER = YES;
				CLANG_WARN_RANGE_LOOP_ANALYSIS = YES;
				CLANG_WARN_STRICT_PROTOTYPES = YES;
				CLANG_WARN_SUSPICIOUS_MOVE = YES;
				CLANG_WARN_UNGUARDED_AVAILABILITY = YES_AGGRESSIVE;
				CLANG_WARN_UNREACHABLE_CODE = YES;
				CLANG_WARN__DUPLICATE_METHOD_MATCH = YES;
				COPY_PHASE_STRIP = NO;
				DEBUG_INFORMATION_FORMAT = dwarf;
				ENABLE_STRICT_OBJC_MSGSEND = YES;
				ENABLE_TESTABILITY = YES;
				GCC_C_LANGUAGE_STANDARD = gnu11;
				GCC_DYNAMIC_NO_PIC = NO;
				GCC_NO_COMMON_BLOCKS = YES;
				GCC_OPTIMIZATION_LEVEL = 0;
				GCC_PREPROCESSOR_DEFINITIONS = (
					"DEBUG=1",
					"$(inherited)",
				);
				GCC_WARN_64_TO_32_BIT_CONVERSION = YES;
				GCC_WARN_ABOUT_RETURN_TYPE = YES_ERROR;
				GCC_WARN_UNDECLARED_SELECTOR = YES;
				GCC_WARN_UNINITIALIZED_AUTOS = YES_AGGRESSIVE;
				GCC_WARN_UNUSED_FUNCTION = YES;
				GCC_WARN_UNUSED_VARIABLE = YES;
				IPHONEOS_DEPLOYMENT_TARGET = 16.0;
				MTL_ENABLE_DEBUG_INFO = INCLUDE_SOURCE;
				MTL_FAST_MATH = YES;
				ONLY_ACTIVE_ARCH = YES;
				SDKROOT = iphoneos;
				SWIFT_ACTIVE_COMPILATION_CONDITIONS = DEBUG;
				SWIFT_OPTIMIZATION_LEVEL = "-Onone";
			};
			name = Debug;
		};
		4FBA8DD428D3870D00730699 /* Release */ = {
			isa = XCBuildConfiguration;
			buildSettings = {
				ALWAYS_SEARCH_USER_PATHS = NO;
				CLANG_ANALYZER_NONNULL = YES;
				CLANG_ANALYZER_NUMBER_OBJECT_CONVERSION = YES_AGGRESSIVE;
				CLANG_CXX_LANGUAGE_STANDARD = "gnu++20";
				CLANG_ENABLE_MODULES = YES;
				CLANG_ENABLE_OBJC_ARC = YES;
				CLANG_ENABLE_OBJC_WEAK = YES;
				CLANG_WARN_BLOCK_CAPTURE_AUTORELEASING = YES;
				CLANG_WARN_BOOL_CONVERSION = YES;
				CLANG_WARN_COMMA = YES;
				CLANG_WARN_CONSTANT_CONVERSION = YES;
				CLANG_WARN_DEPRECATED_OBJC_IMPLEMENTATIONS = YES;
				CLANG_WARN_DIRECT_OBJC_ISA_USAGE = YES_ERROR;
				CLANG_WARN_DOCUMENTATION_COMMENTS = YES;
				CLANG_WARN_EMPTY_BODY = YES;
				CLANG_WARN_ENUM_CONVERSION = YES;
				CLANG_WARN_INFINITE_RECURSION = YES;
				CLANG_WARN_INT_CONVERSION = YES;
				CLANG_WARN_NON_LITERAL_NULL_CONVERSION = YES;
				CLANG_WARN_OBJC_IMPLICIT_RETAIN_SELF = YES;
				CLANG_WARN_OBJC_LITERAL_CONVERSION = YES;
				CLANG_WARN_OBJC_ROOT_CLASS = YES_ERROR;
				CLANG_WARN_QUOTED_INCLUDE_IN_FRAMEWORK_HEADER = YES;
				CLANG_WARN_RANGE_LOOP_ANALYSIS = YES;
				CLANG_WARN_STRICT_PROTOTYPES = YES;
				CLANG_WARN_SUSPICIOUS_MOVE = YES;
				CLANG_WARN_UNGUARDED_AVAILABILITY = YES_AGGRESSIVE;
				CLANG_WARN_UNREACHABLE_CODE = YES;
				CLANG_WARN__DUPLICATE_METHOD_MATCH = YES;
				COPY_PHASE_STRIP = NO;
				DEBUG_INFORMATION_FORMAT = "dwarf-with-dsym";
				ENABLE_NS_ASSERTIONS = NO;
				ENABLE_STRICT_OBJC_MSGSEND = YES;
				GCC_C_LANGUAGE_STANDARD = gnu11;
				GCC_NO_COMMON_BLOCKS = YES;
				GCC_WARN_64_TO_32_BIT_CONVERSION = YES;
				GCC_WARN_ABOUT_RETURN_TYPE = YES_ERROR;
				GCC_WARN_UNDECLARED_SELECTOR = YES;
				GCC_WARN_UNINITIALIZED_AUTOS = YES_AGGRESSIVE;
				GCC_WARN_UNUSED_FUNCTION = YES;
				GCC_WARN_UNUSED_VARIABLE = YES;
				IPHONEOS_DEPLOYMENT_TARGET = 16.0;
				MTL_ENABLE_DEBUG_INFO = NO;
				MTL_FAST_MATH = YES;
				SDKROOT = iphoneos;
				SWIFT_COMPILATION_MODE = wholemodule;
				SWIFT_OPTIMIZATION_LEVEL = "-O";
				VALIDATE_PRODUCT = YES;
			};
			name = Release;
		};
		4FBA8DD628D3870D00730699 /* Debug */ = {
			isa = XCBuildConfiguration;
			baseConfigurationReference = 0A29FD2B6F8AFBD7222D0009 /* Pods-flix.debug.xcconfig */;
			buildSettings = {
				ASSETCATALOG_COMPILER_APPICON_NAME = AppIcon;
				ASSETCATALOG_COMPILER_GLOBAL_ACCENT_COLOR_NAME = AccentColor;
				CODE_SIGN_STYLE = Automatic;
				CURRENT_PROJECT_VERSION = 1;
				DEVELOPMENT_TEAM = 9VC4G45QRR;
				GENERATE_INFOPLIST_FILE = YES;
				INFOPLIST_FILE = flix/Info.plist;
				INFOPLIST_KEY_UIApplicationSupportsIndirectInputEvents = YES;
				INFOPLIST_KEY_UILaunchStoryboardName = LaunchScreen;
				INFOPLIST_KEY_UIMainStoryboardFile = Main;
				INFOPLIST_KEY_UISupportedInterfaceOrientations_iPad = "UIInterfaceOrientationPortrait UIInterfaceOrientationPortraitUpsideDown UIInterfaceOrientationLandscapeLeft UIInterfaceOrientationLandscapeRight";
				INFOPLIST_KEY_UISupportedInterfaceOrientations_iPhone = "UIInterfaceOrientationPortrait UIInterfaceOrientationLandscapeLeft UIInterfaceOrientationLandscapeRight";
				LD_RUNPATH_SEARCH_PATHS = (
					"$(inherited)",
					"@executable_path/Frameworks",
				);
				MARKETING_VERSION = 1.0;
				PRODUCT_BUNDLE_IDENTIFIER = com.codepath.flix;
				PRODUCT_NAME = "$(TARGET_NAME)";
				SWIFT_EMIT_LOC_STRINGS = YES;
				SWIFT_VERSION = 5.0;
				TARGETED_DEVICE_FAMILY = "1,2";
			};
			name = Debug;
		};
		4FBA8DD728D3870D00730699 /* Release */ = {
			isa = XCBuildConfiguration;
			baseConfigurationReference = 7A56B1C7607E63BED7F6F5FC /* Pods-flix.release.xcconfig */;
			buildSettings = {
				ASSETCATALOG_COMPILER_APPICON_NAME = AppIcon;
				ASSETCATALOG_COMPILER_GLOBAL_ACCENT_COLOR_NAME = AccentColor;
				CODE_SIGN_STYLE = Automatic;
				CURRENT_PROJECT_VERSION = 1;
				DEVELOPMENT_TEAM = 9VC4G45QRR;
				GENERATE_INFOPLIST_FILE = YES;
				INFOPLIST_FILE = flix/Info.plist;
				INFOPLIST_KEY_UIApplicationSupportsIndirectInputEvents = YES;
				INFOPLIST_KEY_UILaunchStoryboardName = LaunchScreen;
				INFOPLIST_KEY_UIMainStoryboardFile = Main;
				INFOPLIST_KEY_UISupportedInterfaceOrientations_iPad = "UIInterfaceOrientationPortrait UIInterfaceOrientationPortraitUpsideDown UIInterfaceOrientationLandscapeLeft UIInterfaceOrientationLandscapeRight";
				INFOPLIST_KEY_UISupportedInterfaceOrientations_iPhone = "UIInterfaceOrientationPortrait UIInterfaceOrientationLandscapeLeft UIInterfaceOrientationLandscapeRight";
				LD_RUNPATH_SEARCH_PATHS = (
					"$(inherited)",
					"@executable_path/Frameworks",
				);
				MARKETING_VERSION = 1.0;
				PRODUCT_BUNDLE_IDENTIFIER = com.codepath.flix;
				PRODUCT_NAME = "$(TARGET_NAME)";
				SWIFT_EMIT_LOC_STRINGS = YES;
				SWIFT_VERSION = 5.0;
				TARGETED_DEVICE_FAMILY = "1,2";
			};
			name = Release;
		};
		4FBA8DD928D3870D00730699 /* Debug */ = {
			isa = XCBuildConfiguration;
			baseConfigurationReference = 6997BA9A30301A7C79C20851 /* Pods-flixTests.debug.xcconfig */;
			buildSettings = {
				ALWAYS_EMBED_SWIFT_STANDARD_LIBRARIES = YES;
				BUNDLE_LOADER = "$(TEST_HOST)";
				CODE_SIGN_STYLE = Automatic;
				CURRENT_PROJECT_VERSION = 1;
				DEVELOPMENT_TEAM = 9VC4G45QRR;
				GENERATE_INFOPLIST_FILE = YES;
				IPHONEOS_DEPLOYMENT_TARGET = 16.0;
				MARKETING_VERSION = 1.0;
				PRODUCT_BUNDLE_IDENTIFIER = com.codepath.flixTests;
				PRODUCT_NAME = "$(TARGET_NAME)";
				SWIFT_EMIT_LOC_STRINGS = NO;
				SWIFT_VERSION = 5.0;
				TARGETED_DEVICE_FAMILY = "1,2";
				TEST_HOST = "$(BUILT_PRODUCTS_DIR)/flix.app/$(BUNDLE_EXECUTABLE_FOLDER_PATH)/flix";
			};
			name = Debug;
		};
		4FBA8DDA28D3870D00730699 /* Release */ = {
			isa = XCBuildConfiguration;
			baseConfigurationReference = B4173BD2BB63C92425144ECC /* Pods-flixTests.release.xcconfig */;
			buildSettings = {
				ALWAYS_EMBED_SWIFT_STANDARD_LIBRARIES = YES;
				BUNDLE_LOADER = "$(TEST_HOST)";
				CODE_SIGN_STYLE = Automatic;
				CURRENT_PROJECT_VERSION = 1;
				DEVELOPMENT_TEAM = 9VC4G45QRR;
				GENERATE_INFOPLIST_FILE = YES;
				IPHONEOS_DEPLOYMENT_TARGET = 16.0;
				MARKETING_VERSION = 1.0;
				PRODUCT_BUNDLE_IDENTIFIER = com.codepath.flixTests;
				PRODUCT_NAME = "$(TARGET_NAME)";
				SWIFT_EMIT_LOC_STRINGS = NO;
				SWIFT_VERSION = 5.0;
				TARGETED_DEVICE_FAMILY = "1,2";
				TEST_HOST = "$(BUILT_PRODUCTS_DIR)/flix.app/$(BUNDLE_EXECUTABLE_FOLDER_PATH)/flix";
			};
			name = Release;
		};
		4FBA8DDC28D3870D00730699 /* Debug */ = {
			isa = XCBuildConfiguration;
			baseConfigurationReference = 83AD75B920A2C1254730BEBE /* Pods-flix-flixUITests.debug.xcconfig */;
			buildSettings = {
				ALWAYS_EMBED_SWIFT_STANDARD_LIBRARIES = YES;
				CODE_SIGN_STYLE = Automatic;
				CURRENT_PROJECT_VERSION = 1;
				DEVELOPMENT_TEAM = 9VC4G45QRR;
				GENERATE_INFOPLIST_FILE = YES;
				MARKETING_VERSION = 1.0;
				PRODUCT_BUNDLE_IDENTIFIER = com.codepath.flixUITests;
				PRODUCT_NAME = "$(TARGET_NAME)";
				SWIFT_EMIT_LOC_STRINGS = NO;
				SWIFT_VERSION = 5.0;
				TARGETED_DEVICE_FAMILY = "1,2";
				TEST_TARGET_NAME = flix;
			};
			name = Debug;
		};
		4FBA8DDD28D3870D00730699 /* Release */ = {
			isa = XCBuildConfiguration;
			baseConfigurationReference = 0702100B05FB0151E93675E7 /* Pods-flix-flixUITests.release.xcconfig */;
			buildSettings = {
				ALWAYS_EMBED_SWIFT_STANDARD_LIBRARIES = YES;
				CODE_SIGN_STYLE = Automatic;
				CURRENT_PROJECT_VERSION = 1;
				DEVELOPMENT_TEAM = 9VC4G45QRR;
				GENERATE_INFOPLIST_FILE = YES;
				MARKETING_VERSION = 1.0;
				PRODUCT_BUNDLE_IDENTIFIER = com.codepath.flixUITests;
				PRODUCT_NAME = "$(TARGET_NAME)";
				SWIFT_EMIT_LOC_STRINGS = NO;
				SWIFT_VERSION = 5.0;
				TARGETED_DEVICE_FAMILY = "1,2";
				TEST_TARGET_NAME = flix;
			};
			name = Release;
		};
/* End XCBuildConfiguration section */

/* Begin XCConfigurationList section */
		4FBA8DA628D3870C00730699 /* Build configuration list for PBXProject "flix" */ = {
			isa = XCConfigurationList;
			buildConfigurations = (
				4FBA8DD328D3870D00730699 /* Debug */,
				4FBA8DD428D3870D00730699 /* Release */,
			);
			defaultConfigurationIsVisible = 0;
			defaultConfigurationName = Release;
		};
		4FBA8DD528D3870D00730699 /* Build configuration list for PBXNativeTarget "flix" */ = {
			isa = XCConfigurationList;
			buildConfigurations = (
				4FBA8DD628D3870D00730699 /* Debug */,
				4FBA8DD728D3870D00730699 /* Release */,
			);
			defaultConfigurationIsVisible = 0;
			defaultConfigurationName = Release;
		};
		4FBA8DD828D3870D00730699 /* Build configuration list for PBXNativeTarget "flixTests" */ = {
			isa = XCConfigurationList;
			buildConfigurations = (
				4FBA8DD928D3870D00730699 /* Debug */,
				4FBA8DDA28D3870D00730699 /* Release */,
			);
			defaultConfigurationIsVisible = 0;
			defaultConfigurationName = Release;
		};
		4FBA8DDB28D3870D00730699 /* Build configuration list for PBXNativeTarget "flixUITests" */ = {
			isa = XCConfigurationList;
			buildConfigurations = (
				4FBA8DDC28D3870D00730699 /* Debug */,
				4FBA8DDD28D3870D00730699 /* Release */,
			);
			defaultConfigurationIsVisible = 0;
			defaultConfigurationName = Release;
		};
/* End XCConfigurationList section */

/* Begin XCRemoteSwiftPackageReference section */
		4FBA8E1C28D4464200730699 /* XCRemoteSwiftPackageReference "AlamofireImage" */ = {
			isa = XCRemoteSwiftPackageReference;
			repositoryURL = "https://github.com/Alamofire/AlamofireImage";
			requirement = {
				kind = upToNextMajorVersion;
				minimumVersion = 4.0.0;
			};
		};
/* End XCRemoteSwiftPackageReference section */

/* Begin XCSwiftPackageProductDependency section */
		4FBA8E1D28D4464200730699 /* AlamofireImage */ = {
			isa = XCSwiftPackageProductDependency;
			package = 4FBA8E1C28D4464200730699 /* XCRemoteSwiftPackageReference "AlamofireImage" */;
			productName = AlamofireImage;
		};
/* End XCSwiftPackageProductDependency section */
	};
	rootObject = 4FBA8DA328D3870C00730699 /* Project object */;
}
